
Microsoft Visual Studio Solution File, Format Version 12.00
# Visual Studio Version 17
VisualStudioVersion = 17.9.34728.123
MinimumVisualStudioVersion = 10.0.40219.1
Project("{9A19103F-16F7-4668-BE54-9A1E7A4F7556}") = "ClinicaSantaApolonia", "ClinicaSantaApolonia\ClinicaSantaApolonia.csproj", "{6C852052-5081-4F12-B64E-D62D5D7F2E1D}"
EndProject
Global
	GlobalSection(SolutionConfigurationPlatforms) = preSolution
		Debug|Any CPU = Debug|Any CPU
		Release|Any CPU = Release|Any CPU
	EndGlobalSection
	GlobalSection(ProjectConfigurationPlatforms) = postSolution
		{6C852052-5081-4F12-B64E-D62D5D7F2E1D}.Debug|Any CPU.ActiveCfg = Debug|Any CPU
		{6C852052-5081-4F12-B64E-D62D5D7F2E1D}.Debug|Any CPU.Build.0 = Debug|Any CPU
		{6C852052-5081-4F12-B64E-D62D5D7F2E1D}.Release|Any CPU.ActiveCfg = Release|Any CPU
		{6C852052-5081-4F12-B64E-D62D5D7F2E1D}.Release|Any CPU.Build.0 = Release|Any CPU
	EndGlobalSection
	GlobalSection(SolutionProperties) = preSolution
		HideSolutionNode = FALSE
	EndGlobalSection
	GlobalSection(ExtensibilityGlobals) = postSolution
		SolutionGuid = {DBD605C9-53AE-4D96-83D3-1DF26CB334DF}
	EndGlobalSection
EndGlobal
